
Microsoft Visual Studio Solution File, Format Version 12.00
# Visual Studio Version 16
VisualStudioVersion = 16.0.34601.136
MinimumVisualStudioVersion = 10.0.40219.1
Project("{FAE04EC0-301F-11D3-BF4B-00C04F79EFBC}") = "QLNV", "QLNV\QLNV.csproj", "{621D3CE5-90C9-418D-A505-8958AA66DE04}"
EndProject
Global
	GlobalSection(SolutionConfigurationPlatforms) = preSolution
		Debug|Any CPU = Debug|Any CPU
		Release|Any CPU = Release|Any CPU
	EndGlobalSection
	GlobalSection(ProjectConfigurationPlatforms) = postSolution
		{621D3CE5-90C9-418D-A505-8958AA66DE04}.Debug|Any CPU.ActiveCfg = Debug|Any CPU
		{621D3CE5-90C9-418D-A505-8958AA66DE04}.Debug|Any CPU.Build.0 = Debug|Any CPU
		{621D3CE5-90C9-418D-A505-8958AA66DE04}.Release|Any CPU.ActiveCfg = Release|Any CPU
		{621D3CE5-90C9-418D-A505-8958AA66DE04}.Release|Any CPU.Build.0 = Release|Any CPU
	EndGlobalSection
	GlobalSection(SolutionProperties) = preSolution
		HideSolutionNode = FALSE
	EndGlobalSection
	GlobalSection(ExtensibilityGlobals) = postSolution
		SolutionGuid = {EBDC2AC4-5809-48CD-B0BF-554640690954}
	EndGlobalSection
EndGlobal
